
Microsoft Visual Studio Solution File, Format Version 12.00
# Visual Studio Version 16
VisualStudioVersion = 16.0.32106.194
MinimumVisualStudioVersion = 10.0.40219.1
Project("{9A19103F-16F7-4668-BE54-9A1E7A4F7556}") = "ShopAPI", "ShopAPI\ShopAPI.csproj", "{1A3DA86E-65E5-429B-B2CD-F8263C2B5889}"
EndProject
Project("{FAE04EC0-301F-11D3-BF4B-00C04F79EFBC}") = "ShopUnitTesting", "ShopUnitTesting\ShopUnitTesting.csproj", "{6B82F204-D53C-4761-BE3D-03CE929532DB}"
EndProject
Global
	GlobalSection(SolutionConfigurationPlatforms) = preSolution
		Debug|Any CPU = Debug|Any CPU
		Release|Any CPU = Release|Any CPU
	EndGlobalSection
	GlobalSection(ProjectConfigurationPlatforms) = postSolution
		{1A3DA86E-65E5-429B-B2CD-F8263C2B5889}.Debug|Any CPU.ActiveCfg = Debug|Any CPU
		{1A3DA86E-65E5-429B-B2CD-F8263C2B5889}.Debug|Any CPU.Build.0 = Debug|Any CPU
		{1A3DA86E-65E5-429B-B2CD-F8263C2B5889}.Release|Any CPU.ActiveCfg = Release|Any CPU
		{1A3DA86E-65E5-429B-B2CD-F8263C2B5889}.Release|Any CPU.Build.0 = Release|Any CPU
		{6B82F204-D53C-4761-BE3D-03CE929532DB}.Debug|Any CPU.ActiveCfg = Debug|Any CPU
		{6B82F204-D53C-4761-BE3D-03CE929532DB}.Debug|Any CPU.Build.0 = Debug|Any CPU
		{6B82F204-D53C-4761-BE3D-03CE929532DB}.Release|Any CPU.ActiveCfg = Release|Any CPU
		{6B82F204-D53C-4761-BE3D-03CE929532DB}.Release|Any CPU.Build.0 = Release|Any CPU
	EndGlobalSection
	GlobalSection(SolutionProperties) = preSolution
		HideSolutionNode = FALSE
	EndGlobalSection
	GlobalSection(ExtensibilityGlobals) = postSolution
		SolutionGuid = {99452DE9-5CAB-4B90-9269-52305A987BA2}
	EndGlobalSection
EndGlobal
